
Microsoft Visual Studio Solution File, Format Version 12.00
# Visual Studio Version 16
VisualStudioVersion = 16.0.29911.84
MinimumVisualStudioVersion = 10.0.40219.1
Project("{FAE04EC0-301F-11D3-BF4B-00C04F79EFBC}") = "SerializeTo", "SerializeTo\SerializeTo.csproj", "{413C0009-5160-47C8-8826-1E01C8FB6B36}"
EndProject
Global
	GlobalSection(SolutionConfigurationPlatforms) = preSolution
		Debug|Any CPU = Debug|Any CPU
		Release|Any CPU = Release|Any CPU
	EndGlobalSection
	GlobalSection(ProjectConfigurationPlatforms) = postSolution
		{413C0009-5160-47C8-8826-1E01C8FB6B36}.Debug|Any CPU.ActiveCfg = Debug|Any CPU
		{413C0009-5160-47C8-8826-1E01C8FB6B36}.Debug|Any CPU.Build.0 = Debug|Any CPU
		{413C0009-5160-47C8-8826-1E01C8FB6B36}.Release|Any CPU.ActiveCfg = Release|Any CPU
		{413C0009-5160-47C8-8826-1E01C8FB6B36}.Release|Any CPU.Build.0 = Release|Any CPU
	EndGlobalSection
	GlobalSection(SolutionProperties) = preSolution
		HideSolutionNode = FALSE
	EndGlobalSection
	GlobalSection(ExtensibilityGlobals) = postSolution
		SolutionGuid = {BC418AA8-8F1B-46A4-8D8F-CCB2E23B6D6E}
	EndGlobalSection
EndGlobal
