
Microsoft Visual Studio Solution File, Format Version 12.00
# Visual Studio Version 16
VisualStudioVersion = 16.0.33529.622
MinimumVisualStudioVersion = 10.0.40219.1
Project("{9A19103F-16F7-4668-BE54-9A1E7A4F7556}") = "RESTAuth", "RESTAuth.csproj", "{AC3A6A89-7412-43EB-A3E0-C061F84EAB63}"
EndProject
Global
	GlobalSection(SolutionConfigurationPlatforms) = preSolution
		Debug|Any CPU = Debug|Any CPU
		Release|Any CPU = Release|Any CPU
	EndGlobalSection
	GlobalSection(ProjectConfigurationPlatforms) = postSolution
		{AC3A6A89-7412-43EB-A3E0-C061F84EAB63}.Debug|Any CPU.ActiveCfg = Debug|Any CPU
		{AC3A6A89-7412-43EB-A3E0-C061F84EAB63}.Debug|Any CPU.Build.0 = Debug|Any CPU
		{AC3A6A89-7412-43EB-A3E0-C061F84EAB63}.Release|Any CPU.ActiveCfg = Release|Any CPU
		{AC3A6A89-7412-43EB-A3E0-C061F84EAB63}.Release|Any CPU.Build.0 = Release|Any CPU
	EndGlobalSection
	GlobalSection(SolutionProperties) = preSolution
		HideSolutionNode = FALSE
	EndGlobalSection
	GlobalSection(ExtensibilityGlobals) = postSolution
		SolutionGuid = {36A80849-75F5-4648-B56C-77362AD3C72A}
	EndGlobalSection
EndGlobal
