
Microsoft Visual Studio Solution File, Format Version 12.00
# Visual Studio Version 16
VisualStudioVersion = 16.0.31205.134
MinimumVisualStudioVersion = 10.0.40219.1
Project("{FAE04EC0-301F-11D3-BF4B-00C04F79EFBC}") = "DB_WS", "DB_XMLWS\DB_WS\DB_WS.csproj", "{FC38A6EC-3717-4F8E-AF02-BE8E0254A0AC}"
EndProject
Global
	GlobalSection(SolutionConfigurationPlatforms) = preSolution
		Debug|Any CPU = Debug|Any CPU
		Release|Any CPU = Release|Any CPU
	EndGlobalSection
	GlobalSection(ProjectConfigurationPlatforms) = postSolution
		{FC38A6EC-3717-4F8E-AF02-BE8E0254A0AC}.Debug|Any CPU.ActiveCfg = Debug|Any CPU
		{FC38A6EC-3717-4F8E-AF02-BE8E0254A0AC}.Debug|Any CPU.Build.0 = Debug|Any CPU
		{FC38A6EC-3717-4F8E-AF02-BE8E0254A0AC}.Release|Any CPU.ActiveCfg = Release|Any CPU
		{FC38A6EC-3717-4F8E-AF02-BE8E0254A0AC}.Release|Any CPU.Build.0 = Release|Any CPU
	EndGlobalSection
	GlobalSection(SolutionProperties) = preSolution
		HideSolutionNode = FALSE
	EndGlobalSection
	GlobalSection(ExtensibilityGlobals) = postSolution
		SolutionGuid = {9450458F-94C5-4124-B4BF-AF76B8896A0A}
	EndGlobalSection
EndGlobal
