
Microsoft Visual Studio Solution File, Format Version 12.00
# Visual Studio Version 16
VisualStudioVersion = 16.0.33027.164
MinimumVisualStudioVersion = 10.0.40219.1
Project("{FAE04EC0-301F-11D3-BF4B-00C04F79EFBC}") = "WebAPI_WS", "WebAPI_WS.csproj", "{66D7F1B0-9340-4300-A51E-4A55C83E8654}"
EndProject
Global
	GlobalSection(SolutionConfigurationPlatforms) = preSolution
		Debug|Any CPU = Debug|Any CPU
		Release|Any CPU = Release|Any CPU
	EndGlobalSection
	GlobalSection(ProjectConfigurationPlatforms) = postSolution
		{66D7F1B0-9340-4300-A51E-4A55C83E8654}.Debug|Any CPU.ActiveCfg = Debug|Any CPU
		{66D7F1B0-9340-4300-A51E-4A55C83E8654}.Debug|Any CPU.Build.0 = Debug|Any CPU
		{66D7F1B0-9340-4300-A51E-4A55C83E8654}.Release|Any CPU.ActiveCfg = Release|Any CPU
		{66D7F1B0-9340-4300-A51E-4A55C83E8654}.Release|Any CPU.Build.0 = Release|Any CPU
	EndGlobalSection
	GlobalSection(SolutionProperties) = preSolution
		HideSolutionNode = FALSE
	EndGlobalSection
	GlobalSection(ExtensibilityGlobals) = postSolution
		SolutionGuid = {BDA3E3E4-BEF9-4917-A4F8-ABE0892A9A74}
	EndGlobalSection
EndGlobal
