
Microsoft Visual Studio Solution File, Format Version 12.00
# Visual Studio Version 16
VisualStudioVersion = 16.0.33529.622
MinimumVisualStudioVersion = 10.0.40219.1
Project("{FAE04EC0-301F-11D3-BF4B-00C04F79EFBC}") = "NovoCalcWS", "NovaCalculadora\NovoCalcWS.csproj", "{34B62CAD-1333-4C95-BEDD-78FDF53DF8BF}"
EndProject
Project("{FAE04EC0-301F-11D3-BF4B-00C04F79EFBC}") = "EmailWS", "EmailWS\EmailWS.csproj", "{4AB93A58-7BDC-47D0-A999-3AC61502AD02}"
EndProject
Global
	GlobalSection(SolutionConfigurationPlatforms) = preSolution
		Debug|Any CPU = Debug|Any CPU
		Release|Any CPU = Release|Any CPU
	EndGlobalSection
	GlobalSection(ProjectConfigurationPlatforms) = postSolution
		{34B62CAD-1333-4C95-BEDD-78FDF53DF8BF}.Debug|Any CPU.ActiveCfg = Debug|Any CPU
		{34B62CAD-1333-4C95-BEDD-78FDF53DF8BF}.Debug|Any CPU.Build.0 = Debug|Any CPU
		{34B62CAD-1333-4C95-BEDD-78FDF53DF8BF}.Release|Any CPU.ActiveCfg = Release|Any CPU
		{34B62CAD-1333-4C95-BEDD-78FDF53DF8BF}.Release|Any CPU.Build.0 = Release|Any CPU
		{4AB93A58-7BDC-47D0-A999-3AC61502AD02}.Debug|Any CPU.ActiveCfg = Debug|Any CPU
		{4AB93A58-7BDC-47D0-A999-3AC61502AD02}.Debug|Any CPU.Build.0 = Debug|Any CPU
		{4AB93A58-7BDC-47D0-A999-3AC61502AD02}.Release|Any CPU.ActiveCfg = Release|Any CPU
		{4AB93A58-7BDC-47D0-A999-3AC61502AD02}.Release|Any CPU.Build.0 = Release|Any CPU
	EndGlobalSection
	GlobalSection(SolutionProperties) = preSolution
		HideSolutionNode = FALSE
	EndGlobalSection
	GlobalSection(ExtensibilityGlobals) = postSolution
		SolutionGuid = {83C9921E-DB4C-4EEA-AC83-B55C7A7844AD}
	EndGlobalSection
EndGlobal
