
Microsoft Visual Studio Solution File, Format Version 12.00
# Visual Studio Version 16
VisualStudioVersion = 16.0.33529.622
MinimumVisualStudioVersion = 10.0.40219.1
Project("{FAE04EC0-301F-11D3-BF4B-00C04F79EFBC}") = "CalcWS", "CalcWS.csproj", "{97AB5B5F-0197-43EA-8471-E9A41F6DEB80}"
EndProject
Global
	GlobalSection(SolutionConfigurationPlatforms) = preSolution
		Debug|Any CPU = Debug|Any CPU
		Release|Any CPU = Release|Any CPU
	EndGlobalSection
	GlobalSection(ProjectConfigurationPlatforms) = postSolution
		{97AB5B5F-0197-43EA-8471-E9A41F6DEB80}.Debug|Any CPU.ActiveCfg = Debug|Any CPU
		{97AB5B5F-0197-43EA-8471-E9A41F6DEB80}.Debug|Any CPU.Build.0 = Debug|Any CPU
		{97AB5B5F-0197-43EA-8471-E9A41F6DEB80}.Release|Any CPU.ActiveCfg = Release|Any CPU
		{97AB5B5F-0197-43EA-8471-E9A41F6DEB80}.Release|Any CPU.Build.0 = Release|Any CPU
	EndGlobalSection
	GlobalSection(SolutionProperties) = preSolution
		HideSolutionNode = FALSE
	EndGlobalSection
	GlobalSection(ExtensibilityGlobals) = postSolution
		SolutionGuid = {E348746C-DE12-470F-B902-A0130DE98B95}
	EndGlobalSection
EndGlobal
