
Microsoft Visual Studio Solution File, Format Version 12.00
# Visual Studio Version 16
VisualStudioVersion = 16.0.33529.622
MinimumVisualStudioVersion = 10.0.40219.1
Project("{9A19103F-16F7-4668-BE54-9A1E7A4F7556}") = "REST1", "REST1.csproj", "{EDCB457B-AE6F-45F0-8551-74BE3DC6BFE5}"
EndProject
Global
	GlobalSection(SolutionConfigurationPlatforms) = preSolution
		Debug|Any CPU = Debug|Any CPU
		Release|Any CPU = Release|Any CPU
	EndGlobalSection
	GlobalSection(ProjectConfigurationPlatforms) = postSolution
		{EDCB457B-AE6F-45F0-8551-74BE3DC6BFE5}.Debug|Any CPU.ActiveCfg = Debug|Any CPU
		{EDCB457B-AE6F-45F0-8551-74BE3DC6BFE5}.Debug|Any CPU.Build.0 = Debug|Any CPU
		{EDCB457B-AE6F-45F0-8551-74BE3DC6BFE5}.Release|Any CPU.ActiveCfg = Release|Any CPU
		{EDCB457B-AE6F-45F0-8551-74BE3DC6BFE5}.Release|Any CPU.Build.0 = Release|Any CPU
	EndGlobalSection
	GlobalSection(SolutionProperties) = preSolution
		HideSolutionNode = FALSE
	EndGlobalSection
	GlobalSection(ExtensibilityGlobals) = postSolution
		SolutionGuid = {B0D4B52A-51C3-4C70-ACFC-5CF658BF0AF2}
	EndGlobalSection
EndGlobal
