
Microsoft Visual Studio Solution File, Format Version 12.00
# Visual Studio 15
VisualStudioVersion = 15.0.28010.2036
MinimumVisualStudioVersion = 10.0.40219.1
Project("{FAE04EC0-301F-11D3-BF4B-00C04F79EFBC}") = "UsaRestJQuery", "UsaRestJQuery\UsaRestJQuery.csproj", "{9840C70D-41A2-405C-801B-DACEEB820B2D}"
EndProject
Global
	GlobalSection(SolutionConfigurationPlatforms) = preSolution
		Debug|Any CPU = Debug|Any CPU
		Release|Any CPU = Release|Any CPU
	EndGlobalSection
	GlobalSection(ProjectConfigurationPlatforms) = postSolution
		{9840C70D-41A2-405C-801B-DACEEB820B2D}.Debug|Any CPU.ActiveCfg = Debug|Any CPU
		{9840C70D-41A2-405C-801B-DACEEB820B2D}.Debug|Any CPU.Build.0 = Debug|Any CPU
		{9840C70D-41A2-405C-801B-DACEEB820B2D}.Release|Any CPU.ActiveCfg = Release|Any CPU
		{9840C70D-41A2-405C-801B-DACEEB820B2D}.Release|Any CPU.Build.0 = Release|Any CPU
	EndGlobalSection
	GlobalSection(SolutionProperties) = preSolution
		HideSolutionNode = FALSE
	EndGlobalSection
	GlobalSection(ExtensibilityGlobals) = postSolution
		SolutionGuid = {548E341D-B5AD-4880-8C3B-10F6BC913DA9}
	EndGlobalSection
EndGlobal
